// !$*UTF8*$!
{
	archiveVersion = 1;
	classes = {
	};
	objectVersion = 50;
	objects = {

/* Begin PBXBuildFile section */
		443D3C4920CCFDA900E0C255 /* JJPhotoAlbum.m in Sources */ = {isa = PBXBuildFile; fileRef = 443D3C4720CCFDA900E0C255 /* JJPhotoAlbum.m */; };
		4462607120CD00B10004C579 /* JJImageManager.m in Sources */ = {isa = PBXBuildFile; fileRef = 4462606F20CD00B10004C579 /* JJImageManager.m */; };
		4462607420CD00BA0004C579 /* JJPhoto.m in Sources */ = {isa = PBXBuildFile; fileRef = 4462607220CD00B90004C579 /* JJPhoto.m */; };
		4462607B20CD1B4A0004C579 /* PHPhotoLibrary+JJ.m in Sources */ = {isa = PBXBuildFile; fileRef = 4462607A20CD1B4A0004C579 /* PHPhotoLibrary+JJ.m */; };
		4491541520CEC0D400DDE7A9 /* JJCollectionViewCell.m in Sources */ = {isa = PBXBuildFile; fileRef = 4491541420CEC0D400DDE7A9 /* JJCollectionViewCell.m */; };
		44966A2120C2948600156BCA /* gallery_title_arrow_up@3x.png in Resources */ = {isa = PBXBuildFile; fileRef = 44966A1F20C2948600156BCA /* gallery_title_arrow_up@3x.png */; };
		44966A2220C2948600156BCA /* gallery_title_arrow_up@2x.png in Resources */ = {isa = PBXBuildFile; fileRef = 44966A2020C2948600156BCA /* gallery_title_arrow_up@2x.png */; };
		E522784620BF8F7A003E2F38 /* Photos.framework in Frameworks */ = {isa = PBXBuildFile; fileRef = E522784520BF8F7A003E2F38 /* Photos.framework */; };
		E522784E20BFCEBD003E2F38 /* JJImageViewPicker.m in Sources */ = {isa = PBXBuildFile; fileRef = E522784D20BFCEBD003E2F38 /* JJImageViewPicker.m */; };
		E522785120BFD8FF003E2F38 /* CameraRollViewController.m in Sources */ = {isa = PBXBuildFile; fileRef = E522785020BFD8FF003E2F38 /* CameraRollViewController.m */; };
		E522785420BFD918003E2F38 /* PhotosViewController.m in Sources */ = {isa = PBXBuildFile; fileRef = E522785320BFD918003E2F38 /* PhotosViewController.m */; };
		E522785820BFD9B3003E2F38 /* GridView.m in Sources */ = {isa = PBXBuildFile; fileRef = E522785720BFD9B3003E2F38 /* GridView.m */; };
		E522785B20BFDA44003E2F38 /* TabBarView.m in Sources */ = {isa = PBXBuildFile; fileRef = E522785A20BFDA44003E2F38 /* TabBarView.m */; };
		E522785F20BFDBBE003E2F38 /* CustomNaviViewController.m in Sources */ = {isa = PBXBuildFile; fileRef = E522785E20BFDBBE003E2F38 /* CustomNaviViewController.m */; };
		E522786220BFE4FC003E2F38 /* CustomNaviBarView.m in Sources */ = {isa = PBXBuildFile; fileRef = E522786120BFE4FC003E2F38 /* CustomNaviBarView.m */; };
		E522786620BFF625003E2F38 /* CustomPhotoViewController.m in Sources */ = {isa = PBXBuildFile; fileRef = E522786520BFF625003E2F38 /* CustomPhotoViewController.m */; };
		E522786920C0E464003E2F38 /* redarrowRighticon.png in Resources */ = {isa = PBXBuildFile; fileRef = E522786820C0E464003E2F38 /* redarrowRighticon.png */; };
		E545F54620C0FB8200E74CA1 /* DropButton.m in Sources */ = {isa = PBXBuildFile; fileRef = E545F54520C0FB8200E74CA1 /* DropButton.m */; };
		E545F54920C12F2700E74CA1 /* gallery_title_arrow@2x.png in Resources */ = {isa = PBXBuildFile; fileRef = E545F54720C12F2700E74CA1 /* gallery_title_arrow@2x.png */; };
		E545F54A20C12F2700E74CA1 /* gallery_title_arrow@3x.png in Resources */ = {isa = PBXBuildFile; fileRef = E545F54820C12F2700E74CA1 /* gallery_title_arrow@3x.png */; };
		E545F54D20C13C1200E74CA1 /* CameraRollView.m in Sources */ = {isa = PBXBuildFile; fileRef = E545F54C20C13C1200E74CA1 /* CameraRollView.m */; };
		E56B9CC420AD2FA700021DF8 /* AppDelegate.m in Sources */ = {isa = PBXBuildFile; fileRef = E56B9CC320AD2FA700021DF8 /* AppDelegate.m */; };
		E56B9CC720AD2FA700021DF8 /* ViewController.m in Sources */ = {isa = PBXBuildFile; fileRef = E56B9CC620AD2FA700021DF8 /* ViewController.m */; };
		E56B9CCA20AD2FA700021DF8 /* Main.storyboard in Resources */ = {isa = PBXBuildFile; fileRef = E56B9CC820AD2FA700021DF8 /* Main.storyboard */; };
		E56B9CCC20AD2FA800021DF8 /* Assets.xcassets in Resources */ = {isa = PBXBuildFile; fileRef = E56B9CCB20AD2FA800021DF8 /* Assets.xcassets */; };
		E56B9CCF20AD2FA800021DF8 /* LaunchScreen.storyboard in Resources */ = {isa = PBXBuildFile; fileRef = E56B9CCD20AD2FA800021DF8 /* LaunchScreen.storyboard */; };
		E56B9CD220AD2FA800021DF8 /* main.m in Sources */ = {isa = PBXBuildFile; fileRef = E56B9CD120AD2FA800021DF8 /* main.m */; };
		E5CFB53320D0EB810021EB68 /* JJTableViewCell.m in Sources */ = {isa = PBXBuildFile; fileRef = E5CFB53220D0EB810021EB68 /* JJTableViewCell.m */; };
		E5CFB53720D112090021EB68 /* JJCollectionViewFlowLayout.m in Sources */ = {isa = PBXBuildFile; fileRef = E5CFB53620D112090021EB68 /* JJCollectionViewFlowLayout.m */; };
		E5CFB53D20D24F1D0021EB68 /* NSString+JJUI.m in Sources */ = {isa = PBXBuildFile; fileRef = E5CFB53C20D24F1D0021EB68 /* NSString+JJUI.m */; };
		E5CFB54220D257D00021EB68 /* pickerImage_video_mark@3x.png in Resources */ = {isa = PBXBuildFile; fileRef = E5CFB53E20D257D00021EB68 /* pickerImage_video_mark@3x.png */; };
		E5CFB54320D257D00021EB68 /* chooseInterest_uncheaked@3x.png in Resources */ = {isa = PBXBuildFile; fileRef = E5CFB53F20D257D00021EB68 /* chooseInterest_uncheaked@3x.png */; };
		E5CFB54420D257D00021EB68 /* chooseInterest_cheaked@3x.png in Resources */ = {isa = PBXBuildFile; fileRef = E5CFB54020D257D00021EB68 /* chooseInterest_cheaked@3x.png */; };
		E5CFB54520D257D00021EB68 /* LivePhoto_Corner@3x.png in Resources */ = {isa = PBXBuildFile; fileRef = E5CFB54120D257D00021EB68 /* LivePhoto_Corner@3x.png */; };
		E5CFB54720D25A940021EB68 /* QMUI_pickerImage_video_mark@2x.png in Resources */ = {isa = PBXBuildFile; fileRef = E5CFB54620D25A940021EB68 /* QMUI_pickerImage_video_mark@2x.png */; };
		E5CFB54A20D284BD0021EB68 /* UICollectionView+JJ.m in Sources */ = {isa = PBXBuildFile; fileRef = E5CFB54920D284BD0021EB68 /* UICollectionView+JJ.m */; };
		E5CFB54D20D28DDF0021EB68 /* PhotoPreviewViewController.m in Sources */ = {isa = PBXBuildFile; fileRef = E5CFB54C20D28DDF0021EB68 /* PhotoPreviewViewController.m */; };
		E5CFB54F20D36DE20021EB68 /* uls_tb_all_return_p@3x.png in Resources */ = {isa = PBXBuildFile; fileRef = E5CFB54E20D36DE10021EB68 /* uls_tb_all_return_p@3x.png */; };
		E5CFB55420D37D580021EB68 /* QMUI_previewImage_checkbox_checked@2x.png in Resources */ = {isa = PBXBuildFile; fileRef = E5CFB55020D37D580021EB68 /* QMUI_previewImage_checkbox_checked@2x.png */; };
		E5CFB55520D37D580021EB68 /* QMUI_previewImage_checkbox@3x.png in Resources */ = {isa = PBXBuildFile; fileRef = E5CFB55120D37D580021EB68 /* QMUI_previewImage_checkbox@3x.png */; };
		E5CFB55620D37D580021EB68 /* QMUI_previewImage_checkbox@2x.png in Resources */ = {isa = PBXBuildFile; fileRef = E5CFB55220D37D580021EB68 /* QMUI_previewImage_checkbox@2x.png */; };
		E5CFB55720D37D580021EB68 /* QMUI_previewImage_checkbox_checked@3x.png in Resources */ = {isa = PBXBuildFile; fileRef = E5CFB55320D37D580021EB68 /* QMUI_previewImage_checkbox_checked@3x.png */; };
		E5CFB55A20D3879B0021EB68 /* uls_tb_intro_return_n@3x.png in Resources */ = {isa = PBXBuildFile; fileRef = E5CFB55820D3879B0021EB68 /* uls_tb_intro_return_n@3x.png */; };
		E5CFB55B20D3879B0021EB68 /* uls_tb_intro_return_p@3x.png in Resources */ = {isa = PBXBuildFile; fileRef = E5CFB55920D3879B0021EB68 /* uls_tb_intro_return_p@3x.png */; };
		E5CFB55E20D394DE0021EB68 /* JJPhotoPreviewView.m in Sources */ = {isa = PBXBuildFile; fileRef = E5CFB55D20D394DE0021EB68 /* JJPhotoPreviewView.m */; };
		E5CFB56120D395210021EB68 /* JJPreviewViewCollectionCell.m in Sources */ = {isa = PBXBuildFile; fileRef = E5CFB56020D395210021EB68 /* JJPreviewViewCollectionCell.m */; };
		E5CFB56420D399D70021EB68 /* JJPreviewViewCollectionLayout.m in Sources */ = {isa = PBXBuildFile; fileRef = E5CFB56320D399D70021EB68 /* JJPreviewViewCollectionLayout.m */; };
		E5CFB56720E1E7B50021EB68 /* JJImagePickerHelper.m in Sources */ = {isa = PBXBuildFile; fileRef = E5CFB56620E1E7B50021EB68 /* JJImagePickerHelper.m */; };
		E5CFB56920E2169F0021EB68 /* wb_style_orange.png in Resources */ = {isa = PBXBuildFile; fileRef = E5CFB56820E2169F0021EB68 /* wb_style_orange.png */; };
		E5CFB57620E613690021EB68 /* JJVideoToolBar.m in Sources */ = {isa = PBXBuildFile; fileRef = E5CFB57520E613690021EB68 /* JJVideoToolBar.m */; };
/* End PBXBuildFile section */

/* Begin PBXFileReference section */
		443D3C4720CCFDA900E0C255 /* JJPhotoAlbum.m */ = {isa = PBXFileReference; fileEncoding = 4; lastKnownFileType = sourcecode.c.objc; path = JJPhotoAlbum.m; sourceTree = "<group>"; };
		443D3C4820CCFDA900E0C255 /* JJPhotoAlbum.h */ = {isa = PBXFileReference; fileEncoding = 4; lastKnownFileType = sourcecode.c.h; path = JJPhotoAlbum.h; sourceTree = "<group>"; };
		4462606F20CD00B10004C579 /* JJImageManager.m */ = {isa = PBXFileReference; fileEncoding = 4; lastKnownFileType = sourcecode.c.objc; path = JJImageManager.m; sourceTree = "<group>"; };
		4462607020CD00B10004C579 /* JJImageManager.h */ = {isa = PBXFileReference; fileEncoding = 4; lastKnownFileType = sourcecode.c.h; path = JJImageManager.h; sourceTree = "<group>"; };
		4462607220CD00B90004C579 /* JJPhoto.m */ = {isa = PBXFileReference; fileEncoding = 4; lastKnownFileType = sourcecode.c.objc; path = JJPhoto.m; sourceTree = "<group>"; };
		4462607320CD00BA0004C579 /* JJPhoto.h */ = {isa = PBXFileReference; fileEncoding = 4; lastKnownFileType = sourcecode.c.h; path = JJPhoto.h; sourceTree = "<group>"; };
		4462607920CD1B4A0004C579 /* PHPhotoLibrary+JJ.h */ = {isa = PBXFileReference; lastKnownFileType = sourcecode.c.h; path = "PHPhotoLibrary+JJ.h"; sourceTree = "<group>"; };
		4462607A20CD1B4A0004C579 /* PHPhotoLibrary+JJ.m */ = {isa = PBXFileReference; lastKnownFileType = sourcecode.c.objc; path = "PHPhotoLibrary+JJ.m"; sourceTree = "<group>"; };
		4491541320CEC0D400DDE7A9 /* JJCollectionViewCell.h */ = {isa = PBXFileReference; lastKnownFileType = sourcecode.c.h; path = JJCollectionViewCell.h; sourceTree = "<group>"; };
		4491541420CEC0D400DDE7A9 /* JJCollectionViewCell.m */ = {isa = PBXFileReference; lastKnownFileType = sourcecode.c.objc; path = JJCollectionViewCell.m; sourceTree = "<group>"; };
		44966A1F20C2948600156BCA /* gallery_title_arrow_up@3x.png */ = {isa = PBXFileReference; lastKnownFileType = image.png; path = "gallery_title_arrow_up@3x.png"; sourceTree = "<group>"; };
		44966A2020C2948600156BCA /* gallery_title_arrow_up@2x.png */ = {isa = PBXFileReference; lastKnownFileType = image.png; path = "gallery_title_arrow_up@2x.png"; sourceTree = "<group>"; };
		E522784520BF8F7A003E2F38 /* Photos.framework */ = {isa = PBXFileReference; lastKnownFileType = wrapper.framework; name = Photos.framework; path = System/Library/Frameworks/Photos.framework; sourceTree = SDKROOT; };
		E522784C20BFCEBD003E2F38 /* JJImageViewPicker.h */ = {isa = PBXFileReference; lastKnownFileType = sourcecode.c.h; path = JJImageViewPicker.h; sourceTree = "<group>"; };
		E522784D20BFCEBD003E2F38 /* JJImageViewPicker.m */ = {isa = PBXFileReference; lastKnownFileType = sourcecode.c.objc; path = JJImageViewPicker.m; sourceTree = "<group>"; };
		E522784F20BFD8FF003E2F38 /* CameraRollViewController.h */ = {isa = PBXFileReference; lastKnownFileType = sourcecode.c.h; path = CameraRollViewController.h; sourceTree = "<group>"; };
		E522785020BFD8FF003E2F38 /* CameraRollViewController.m */ = {isa = PBXFileReference; lastKnownFileType = sourcecode.c.objc; path = CameraRollViewController.m; sourceTree = "<group>"; };
		E522785220BFD918003E2F38 /* PhotosViewController.h */ = {isa = PBXFileReference; lastKnownFileType = sourcecode.c.h; path = PhotosViewController.h; sourceTree = "<group>"; };
		E522785320BFD918003E2F38 /* PhotosViewController.m */ = {isa = PBXFileReference; lastKnownFileType = sourcecode.c.objc; path = PhotosViewController.m; sourceTree = "<group>"; };
		E522785620BFD9B3003E2F38 /* GridView.h */ = {isa = PBXFileReference; lastKnownFileType = sourcecode.c.h; path = GridView.h; sourceTree = "<group>"; };
		E522785720BFD9B3003E2F38 /* GridView.m */ = {isa = PBXFileReference; lastKnownFileType = sourcecode.c.objc; path = GridView.m; sourceTree = "<group>"; };
		E522785920BFDA44003E2F38 /* TabBarView.h */ = {isa = PBXFileReference; lastKnownFileType = sourcecode.c.h; path = TabBarView.h; sourceTree = "<group>"; };
		E522785A20BFDA44003E2F38 /* TabBarView.m */ = {isa = PBXFileReference; lastKnownFileType = sourcecode.c.objc; path = TabBarView.m; sourceTree = "<group>"; };
		E522785D20BFDBBE003E2F38 /* CustomNaviViewController.h */ = {isa = PBXFileReference; lastKnownFileType = sourcecode.c.h; path = CustomNaviViewController.h; sourceTree = "<group>"; };
		E522785E20BFDBBE003E2F38 /* CustomNaviViewController.m */ = {isa = PBXFileReference; lastKnownFileType = sourcecode.c.objc; path = CustomNaviViewController.m; sourceTree = "<group>"; };
		E522786020BFE4FC003E2F38 /* CustomNaviBarView.h */ = {isa = PBXFileReference; lastKnownFileType = sourcecode.c.h; path = CustomNaviBarView.h; sourceTree = "<group>"; };
		E522786120BFE4FC003E2F38 /* CustomNaviBarView.m */ = {isa = PBXFileReference; lastKnownFileType = sourcecode.c.objc; path = CustomNaviBarView.m; sourceTree = "<group>"; };
		E522786320BFE7E6003E2F38 /* GlobalDefine.h */ = {isa = PBXFileReference; fileEncoding = 4; lastKnownFileType = sourcecode.c.h; path = GlobalDefine.h; sourceTree = "<group>"; };
		E522786420BFF625003E2F38 /* CustomPhotoViewController.h */ = {isa = PBXFileReference; lastKnownFileType = sourcecode.c.h; path = CustomPhotoViewController.h; sourceTree = "<group>"; };
		E522786520BFF625003E2F38 /* CustomPhotoViewController.m */ = {isa = PBXFileReference; lastKnownFileType = sourcecode.c.objc; path = CustomPhotoViewController.m; sourceTree = "<group>"; };
		E522786820C0E464003E2F38 /* redarrowRighticon.png */ = {isa = PBXFileReference; lastKnownFileType = image.png; path = redarrowRighticon.png; sourceTree = "<group>"; };
		E545F54420C0FB8200E74CA1 /* DropButton.h */ = {isa = PBXFileReference; lastKnownFileType = sourcecode.c.h; path = DropButton.h; sourceTree = "<group>"; };
		E545F54520C0FB8200E74CA1 /* DropButton.m */ = {isa = PBXFileReference; lastKnownFileType = sourcecode.c.objc; path = DropButton.m; sourceTree = "<group>"; };
		E545F54720C12F2700E74CA1 /* gallery_title_arrow@2x.png */ = {isa = PBXFileReference; lastKnownFileType = image.png; path = "gallery_title_arrow@2x.png"; sourceTree = "<group>"; };
		E545F54820C12F2700E74CA1 /* gallery_title_arrow@3x.png */ = {isa = PBXFileReference; lastKnownFileType = image.png; path = "gallery_title_arrow@3x.png"; sourceTree = "<group>"; };
		E545F54B20C13C1200E74CA1 /* CameraRollView.h */ = {isa = PBXFileReference; lastKnownFileType = sourcecode.c.h; path = CameraRollView.h; sourceTree = "<group>"; };
		E545F54C20C13C1200E74CA1 /* CameraRollView.m */ = {isa = PBXFileReference; lastKnownFileType = sourcecode.c.objc; path = CameraRollView.m; sourceTree = "<group>"; };
		E56B9CBF20AD2FA700021DF8 /* JJImagePickerDemo.app */ = {isa = PBXFileReference; explicitFileType = wrapper.application; includeInIndex = 0; path = JJImagePickerDemo.app; sourceTree = BUILT_PRODUCTS_DIR; };
		E56B9CC220AD2FA700021DF8 /* AppDelegate.h */ = {isa = PBXFileReference; lastKnownFileType = sourcecode.c.h; path = AppDelegate.h; sourceTree = "<group>"; };
		E56B9CC320AD2FA700021DF8 /* AppDelegate.m */ = {isa = PBXFileReference; lastKnownFileType = sourcecode.c.objc; path = AppDelegate.m; sourceTree = "<group>"; };
		E56B9CC520AD2FA700021DF8 /* ViewController.h */ = {isa = PBXFileReference; lastKnownFileType = sourcecode.c.h; path = ViewController.h; sourceTree = "<group>"; };
		E56B9CC620AD2FA700021DF8 /* ViewController.m */ = {isa = PBXFileReference; lastKnownFileType = sourcecode.c.objc; path = ViewController.m; sourceTree = "<group>"; };
		E56B9CC920AD2FA700021DF8 /* Base */ = {isa = PBXFileReference; lastKnownFileType = file.storyboard; name = Base; path = Base.lproj/Main.storyboard; sourceTree = "<group>"; };
		E56B9CCB20AD2FA800021DF8 /* Assets.xcassets */ = {isa = PBXFileReference; lastKnownFileType = folder.assetcatalog; path = Assets.xcassets; sourceTree = "<group>"; };
		E56B9CCE20AD2FA800021DF8 /* Base */ = {isa = PBXFileReference; lastKnownFileType = file.storyboard; name = Base; path = Base.lproj/LaunchScreen.storyboard; sourceTree = "<group>"; };
		E56B9CD020AD2FA800021DF8 /* Info.plist */ = {isa = PBXFileReference; lastKnownFileType = text.plist.xml; path = Info.plist; sourceTree = "<group>"; };
		E56B9CD120AD2FA800021DF8 /* main.m */ = {isa = PBXFileReference; lastKnownFileType = sourcecode.c.objc; path = main.m; sourceTree = "<group>"; };
		E5CFB53120D0EB810021EB68 /* JJTableViewCell.h */ = {isa = PBXFileReference; lastKnownFileType = sourcecode.c.h; path = JJTableViewCell.h; sourceTree = "<group>"; };
		E5CFB53220D0EB810021EB68 /* JJTableViewCell.m */ = {isa = PBXFileReference; lastKnownFileType = sourcecode.c.objc; path = JJTableViewCell.m; sourceTree = "<group>"; };
		E5CFB53520D112090021EB68 /* JJCollectionViewFlowLayout.h */ = {isa = PBXFileReference; lastKnownFileType = sourcecode.c.h; path = JJCollectionViewFlowLayout.h; sourceTree = "<group>"; };
		E5CFB53620D112090021EB68 /* JJCollectionViewFlowLayout.m */ = {isa = PBXFileReference; lastKnownFileType = sourcecode.c.objc; path = JJCollectionViewFlowLayout.m; sourceTree = "<group>"; };
		E5CFB53B20D24F1D0021EB68 /* NSString+JJUI.h */ = {isa = PBXFileReference; lastKnownFileType = sourcecode.c.h; path = "NSString+JJUI.h"; sourceTree = "<group>"; };
		E5CFB53C20D24F1D0021EB68 /* NSString+JJUI.m */ = {isa = PBXFileReference; lastKnownFileType = sourcecode.c.objc; path = "NSString+JJUI.m"; sourceTree = "<group>"; };
		E5CFB53E20D257D00021EB68 /* pickerImage_video_mark@3x.png */ = {isa = PBXFileReference; lastKnownFileType = image.png; path = "pickerImage_video_mark@3x.png"; sourceTree = "<group>"; };
		E5CFB53F20D257D00021EB68 /* chooseInterest_uncheaked@3x.png */ = {isa = PBXFileReference; lastKnownFileType = image.png; path = "chooseInterest_uncheaked@3x.png"; sourceTree = "<group>"; };
		E5CFB54020D257D00021EB68 /* chooseInterest_cheaked@3x.png */ = {isa = PBXFileReference; lastKnownFileType = image.png; path = "chooseInterest_cheaked@3x.png"; sourceTree = "<group>"; };
		E5CFB54120D257D00021EB68 /* LivePhoto_Corner@3x.png */ = {isa = PBXFileReference; lastKnownFileType = image.png; path = "LivePhoto_Corner@3x.png"; sourceTree = "<group>"; };
		E5CFB54620D25A940021EB68 /* QMUI_pickerImage_video_mark@2x.png */ = {isa = PBXFileReference; lastKnownFileType = image.png; path = "QMUI_pickerImage_video_mark@2x.png"; sourceTree = "<group>"; };
		E5CFB54820D284BD0021EB68 /* UICollectionView+JJ.h */ = {isa = PBXFileReference; lastKnownFileType = sourcecode.c.h; path = "UICollectionView+JJ.h"; sourceTree = "<group>"; };
		E5CFB54920D284BD0021EB68 /* UICollectionView+JJ.m */ = {isa = PBXFileReference; lastKnownFileType = sourcecode.c.objc; path = "UICollectionView+JJ.m"; sourceTree = "<group>"; };
		E5CFB54B20D28DDF0021EB68 /* PhotoPreviewViewController.h */ = {isa = PBXFileReference; lastKnownFileType = sourcecode.c.h; path = PhotoPreviewViewController.h; sourceTree = "<group>"; };
		E5CFB54C20D28DDF0021EB68 /* PhotoPreviewViewController.m */ = {isa = PBXFileReference; lastKnownFileType = sourcecode.c.objc; path = PhotoPreviewViewController.m; sourceTree = "<group>"; };
		E5CFB54E20D36DE10021EB68 /* uls_tb_all_return_p@3x.png */ = {isa = PBXFileReference; lastKnownFileType = image.png; path = "uls_tb_all_return_p@3x.png"; sourceTree = "<group>"; };
		E5CFB55020D37D580021EB68 /* QMUI_previewImage_checkbox_checked@2x.png */ = {isa = PBXFileReference; lastKnownFileType = image.png; path = "QMUI_previewImage_checkbox_checked@2x.png"; sourceTree = "<group>"; };
		E5CFB55120D37D580021EB68 /* QMUI_previewImage_checkbox@3x.png */ = {isa = PBXFileReference; lastKnownFileType = image.png; path = "QMUI_previewImage_checkbox@3x.png"; sourceTree = "<group>"; };
		E5CFB55220D37D580021EB68 /* QMUI_previewImage_checkbox@2x.png */ = {isa = PBXFileReference; lastKnownFileType = image.png; path = "QMUI_previewImage_checkbox@2x.png"; sourceTree = "<group>"; };
		E5CFB55320D37D580021EB68 /* QMUI_previewImage_checkbox_checked@3x.png */ = {isa = PBXFileReference; lastKnownFileType = image.png; path = "QMUI_previewImage_checkbox_checked@3x.png"; sourceTree = "<group>"; };
		E5CFB55820D3879B0021EB68 /* uls_tb_intro_return_n@3x.png */ = {isa = PBXFileReference; lastKnownFileType = image.png; path = "uls_tb_intro_return_n@3x.png"; sourceTree = "<group>"; };
		E5CFB55920D3879B0021EB68 /* uls_tb_intro_return_p@3x.png */ = {isa = PBXFileReference; lastKnownFileType = image.png; path = "uls_tb_intro_return_p@3x.png"; sourceTree = "<group>"; };
		E5CFB55C20D394DE0021EB68 /* JJPhotoPreviewView.h */ = {isa = PBXFileReference; lastKnownFileType = sourcecode.c.h; path = JJPhotoPreviewView.h; sourceTree = "<group>"; };
		E5CFB55D20D394DE0021EB68 /* JJPhotoPreviewView.m */ = {isa = PBXFileReference; lastKnownFileType = sourcecode.c.objc; path = JJPhotoPreviewView.m; sourceTree = "<group>"; };
		E5CFB55F20D395210021EB68 /* JJPreviewViewCollectionCell.h */ = {isa = PBXFileReference; lastKnownFileType = sourcecode.c.h; path = JJPreviewViewCollectionCell.h; sourceTree = "<group>"; };
		E5CFB56020D395210021EB68 /* JJPreviewViewCollectionCell.m */ = {isa = PBXFileReference; lastKnownFileType = sourcecode.c.objc; path = JJPreviewViewCollectionCell.m; sourceTree = "<group>"; };
		E5CFB56220D399D70021EB68 /* JJPreviewViewCollectionLayout.h */ = {isa = PBXFileReference; lastKnownFileType = sourcecode.c.h; path = JJPreviewViewCollectionLayout.h; sourceTree = "<group>"; };
		E5CFB56320D399D70021EB68 /* JJPreviewViewCollectionLayout.m */ = {isa = PBXFileReference; lastKnownFileType = sourcecode.c.objc; path = JJPreviewViewCollectionLayout.m; sourceTree = "<group>"; };
		E5CFB56520E1E7B50021EB68 /* JJImagePickerHelper.h */ = {isa = PBXFileReference; lastKnownFileType = sourcecode.c.h; path = JJImagePickerHelper.h; sourceTree = "<group>"; };
		E5CFB56620E1E7B50021EB68 /* JJImagePickerHelper.m */ = {isa = PBXFileReference; lastKnownFileType = sourcecode.c.objc; path = JJImagePickerHelper.m; sourceTree = "<group>"; };
		E5CFB56820E2169F0021EB68 /* wb_style_orange.png */ = {isa = PBXFileReference; lastKnownFileType = image.png; path = wb_style_orange.png; sourceTree = "<group>"; };
		E5CFB57420E613690021EB68 /* JJVideoToolBar.h */ = {isa = PBXFileReference; lastKnownFileType = sourcecode.c.h; path = JJVideoToolBar.h; sourceTree = "<group>"; };
		E5CFB57520E613690021EB68 /* JJVideoToolBar.m */ = {isa = PBXFileReference; lastKnownFileType = sourcecode.c.objc; path = JJVideoToolBar.m; sourceTree = "<group>"; };
/* End PBXFileReference section */

/* Begin PBXFrameworksBuildPhase section */
		E56B9CBC20AD2FA700021DF8 /* Frameworks */ = {
			isa = PBXFrameworksBuildPhase;
			buildActionMask = 2147483647;
			files = (
				E522784620BF8F7A003E2F38 /* Photos.framework in Frameworks */,
			);
			runOnlyForDeploymentPostprocessing = 0;
		};
/* End PBXFrameworksBuildPhase section */

/* Begin PBXGroup section */
		443D3C4A20CD002800E0C255 /* controller */ = {
			isa = PBXGroup;
			children = (
				4462607020CD00B10004C579 /* JJImageManager.h */,
				4462606F20CD00B10004C579 /* JJImageManager.m */,
			);
			path = controller;
			sourceTree = "<group>";
		};
		4462607520CD1A260004C579 /* Category */ = {
			isa = PBXGroup;
			children = (
				E5CFB53B20D24F1D0021EB68 /* NSString+JJUI.h */,
				E5CFB53C20D24F1D0021EB68 /* NSString+JJUI.m */,
				4462607920CD1B4A0004C579 /* PHPhotoLibrary+JJ.h */,
				4462607A20CD1B4A0004C579 /* PHPhotoLibrary+JJ.m */,
				E5CFB54820D284BD0021EB68 /* UICollectionView+JJ.h */,
				E5CFB54920D284BD0021EB68 /* UICollectionView+JJ.m */,
			);
			path = Category;
			sourceTree = "<group>";
		};
		E522784120BF8F0F003E2F38 /* ImagePicker */ = {
			isa = PBXGroup;
			children = (
				E5CFB53420D10F840021EB68 /* Util */,
				443D3C4A20CD002800E0C255 /* controller */,
				E522784A20BFCE38003E2F38 /* Model */,
				E522784720BFC921003E2F38 /* Views */,
				E522784C20BFCEBD003E2F38 /* JJImageViewPicker.h */,
				E522784D20BFCEBD003E2F38 /* JJImageViewPicker.m */,
			);
			path = ImagePicker;
			sourceTree = "<group>";
		};
		E522784720BFC921003E2F38 /* Views */ = {
			isa = PBXGroup;
			children = (
				E522784820BFCDB7003E2F38 /* CameraRoll */,
			);
			path = Views;
			sourceTree = "<group>";
		};
		E522784820BFCDB7003E2F38 /* CameraRoll */ = {
			isa = PBXGroup;
			children = (
				E522785C20BFDA56003E2F38 /* Custom */,
				E522785520BFD969003E2F38 /* SubViews */,
				E522784F20BFD8FF003E2F38 /* CameraRollViewController.h */,
				E522785020BFD8FF003E2F38 /* CameraRollViewController.m */,
				E522785220BFD918003E2F38 /* PhotosViewController.h */,
				E522785320BFD918003E2F38 /* PhotosViewController.m */,
				E5CFB54B20D28DDF0021EB68 /* PhotoPreviewViewController.h */,
				E5CFB54C20D28DDF0021EB68 /* PhotoPreviewViewController.m */,
			);
			path = CameraRoll;
			sourceTree = "<group>";
		};
		E522784A20BFCE38003E2F38 /* Model */ = {
			isa = PBXGroup;
			children = (
				4462607320CD00BA0004C579 /* JJPhoto.h */,
				4462607220CD00B90004C579 /* JJPhoto.m */,
				443D3C4820CCFDA900E0C255 /* JJPhotoAlbum.h */,
				443D3C4720CCFDA900E0C255 /* JJPhotoAlbum.m */,
			);
			path = Model;
			sourceTree = "<group>";
		};
		E522785520BFD969003E2F38 /* SubViews */ = {
			isa = PBXGroup;
			children = (
				E522785620BFD9B3003E2F38 /* GridView.h */,
				E522785720BFD9B3003E2F38 /* GridView.m */,
				E522785920BFDA44003E2F38 /* TabBarView.h */,
				E522785A20BFDA44003E2F38 /* TabBarView.m */,
				E545F54420C0FB8200E74CA1 /* DropButton.h */,
				E545F54520C0FB8200E74CA1 /* DropButton.m */,
				E545F54B20C13C1200E74CA1 /* CameraRollView.h */,
				E545F54C20C13C1200E74CA1 /* CameraRollView.m */,
				4491541320CEC0D400DDE7A9 /* JJCollectionViewCell.h */,
				4491541420CEC0D400DDE7A9 /* JJCollectionViewCell.m */,
				E5CFB53120D0EB810021EB68 /* JJTableViewCell.h */,
				E5CFB53220D0EB810021EB68 /* JJTableViewCell.m */,
				E5CFB53520D112090021EB68 /* JJCollectionViewFlowLayout.h */,
				E5CFB53620D112090021EB68 /* JJCollectionViewFlowLayout.m */,
				E5CFB55C20D394DE0021EB68 /* JJPhotoPreviewView.h */,
				E5CFB55D20D394DE0021EB68 /* JJPhotoPreviewView.m */,
				E5CFB55F20D395210021EB68 /* JJPreviewViewCollectionCell.h */,
				E5CFB56020D395210021EB68 /* JJPreviewViewCollectionCell.m */,
				E5CFB56220D399D70021EB68 /* JJPreviewViewCollectionLayout.h */,
				E5CFB56320D399D70021EB68 /* JJPreviewViewCollectionLayout.m */,
				E5CFB57420E613690021EB68 /* JJVideoToolBar.h */,
				E5CFB57520E613690021EB68 /* JJVideoToolBar.m */,
			);
			path = SubViews;
			sourceTree = "<group>";
		};
		E522785C20BFDA56003E2F38 /* Custom */ = {
			isa = PBXGroup;
			children = (
				E522785D20BFDBBE003E2F38 /* CustomNaviViewController.h */,
				E522785E20BFDBBE003E2F38 /* CustomNaviViewController.m */,
				E522786020BFE4FC003E2F38 /* CustomNaviBarView.h */,
				E522786120BFE4FC003E2F38 /* CustomNaviBarView.m */,
				E522786420BFF625003E2F38 /* CustomPhotoViewController.h */,
				E522786520BFF625003E2F38 /* CustomPhotoViewController.m */,
			);
			path = Custom;
			sourceTree = "<group>";
		};
		E522786720C0E433003E2F38 /* Resources */ = {
			isa = PBXGroup;
			children = (
				E5CFB56820E2169F0021EB68 /* wb_style_orange.png */,
				E5CFB55820D3879B0021EB68 /* uls_tb_intro_return_n@3x.png */,
				E5CFB55920D3879B0021EB68 /* uls_tb_intro_return_p@3x.png */,
				E5CFB55020D37D580021EB68 /* QMUI_previewImage_checkbox_checked@2x.png */,
				E5CFB55320D37D580021EB68 /* QMUI_previewImage_checkbox_checked@3x.png */,
				E5CFB55220D37D580021EB68 /* QMUI_previewImage_checkbox@2x.png */,
				E5CFB55120D37D580021EB68 /* QMUI_previewImage_checkbox@3x.png */,
				E5CFB54E20D36DE10021EB68 /* uls_tb_all_return_p@3x.png */,
				E5CFB54620D25A940021EB68 /* QMUI_pickerImage_video_mark@2x.png */,
				E5CFB54020D257D00021EB68 /* chooseInterest_cheaked@3x.png */,
				E5CFB53F20D257D00021EB68 /* chooseInterest_uncheaked@3x.png */,
				E5CFB54120D257D00021EB68 /* LivePhoto_Corner@3x.png */,
				E5CFB53E20D257D00021EB68 /* pickerImage_video_mark@3x.png */,
				44966A2020C2948600156BCA /* gallery_title_arrow_up@2x.png */,
				44966A1F20C2948600156BCA /* gallery_title_arrow_up@3x.png */,
				E545F54720C12F2700E74CA1 /* gallery_title_arrow@2x.png */,
				E545F54820C12F2700E74CA1 /* gallery_title_arrow@3x.png */,
				E522786820C0E464003E2F38 /* redarrowRighticon.png */,
			);
			path = Resources;
			sourceTree = "<group>";
		};
		E56B9CB620AD2FA700021DF8 = {
			isa = PBXGroup;
			children = (
				E56B9CC120AD2FA700021DF8 /* JJImagePickerDemo */,
				E56B9CC020AD2FA700021DF8 /* Products */,
				E56B9CDE20AD7D2100021DF8 /* Frameworks */,
			);
			sourceTree = "<group>";
		};
		E56B9CC020AD2FA700021DF8 /* Products */ = {
			isa = PBXGroup;
			children = (
				E56B9CBF20AD2FA700021DF8 /* JJImagePickerDemo.app */,
			);
			name = Products;
			sourceTree = "<group>";
		};
		E56B9CC120AD2FA700021DF8 /* JJImagePickerDemo */ = {
			isa = PBXGroup;
			children = (
				4462607520CD1A260004C579 /* Category */,
				E522786720C0E433003E2F38 /* Resources */,
				E522784120BF8F0F003E2F38 /* ImagePicker */,
				E56B9CC220AD2FA700021DF8 /* AppDelegate.h */,
				E56B9CC320AD2FA700021DF8 /* AppDelegate.m */,
				E56B9CC520AD2FA700021DF8 /* ViewController.h */,
				E56B9CC620AD2FA700021DF8 /* ViewController.m */,
				E56B9CC820AD2FA700021DF8 /* Main.storyboard */,
				E56B9CCB20AD2FA800021DF8 /* Assets.xcassets */,
				E56B9CCD20AD2FA800021DF8 /* LaunchScreen.storyboard */,
				E56B9CD020AD2FA800021DF8 /* Info.plist */,
				E56B9CD120AD2FA800021DF8 /* main.m */,
			);
			path = JJImagePickerDemo;
			sourceTree = "<group>";
		};
		E56B9CDE20AD7D2100021DF8 /* Frameworks */ = {
			isa = PBXGroup;
			children = (
				E522784520BF8F7A003E2F38 /* Photos.framework */,
			);
			name = Frameworks;
			sourceTree = "<group>";
		};
		E5CFB53420D10F840021EB68 /* Util */ = {
			isa = PBXGroup;
			children = (
				E522786320BFE7E6003E2F38 /* GlobalDefine.h */,
				E5CFB56520E1E7B50021EB68 /* JJImagePickerHelper.h */,
				E5CFB56620E1E7B50021EB68 /* JJImagePickerHelper.m */,
			);
			path = Util;
			sourceTree = "<group>";
		};
/* End PBXGroup section */

/* Begin PBXNativeTarget section */
		E56B9CBE20AD2FA700021DF8 /* JJImagePickerDemo */ = {
			isa = PBXNativeTarget;
			buildConfigurationList = E56B9CD520AD2FA800021DF8 /* Build configuration list for PBXNativeTarget "JJImagePickerDemo" */;
			buildPhases = (
				E56B9CBB20AD2FA700021DF8 /* Sources */,
				E56B9CBC20AD2FA700021DF8 /* Frameworks */,
				E56B9CBD20AD2FA700021DF8 /* Resources */,
			);
			buildRules = (
			);
			dependencies = (
			);
			name = JJImagePickerDemo;
			productName = JJImagePickerDemo;
			productReference = E56B9CBF20AD2FA700021DF8 /* JJImagePickerDemo.app */;
			productType = "com.apple.product-type.application";
		};
/* End PBXNativeTarget section */

/* Begin PBXProject section */
		E56B9CB720AD2FA700021DF8 /* Project object */ = {
			isa = PBXProject;
			attributes = {
				LastUpgradeCheck = 0930;
				ORGANIZATIONNAME = shenjie;
				TargetAttributes = {
					E56B9CBE20AD2FA700021DF8 = {
						CreatedOnToolsVersion = 9.3;
					};
				};
			};
			buildConfigurationList = E56B9CBA20AD2FA700021DF8 /* Build configuration list for PBXProject "JJImagePickerDemo" */;
			compatibilityVersion = "Xcode 9.3";
			developmentRegion = en;
			hasScannedForEncodings = 0;
			knownRegions = (
				en,
				Base,
			);
			mainGroup = E56B9CB620AD2FA700021DF8;
			productRefGroup = E56B9CC020AD2FA700021DF8 /* Products */;
			projectDirPath = "";
			projectRoot = "";
			targets = (
				E56B9CBE20AD2FA700021DF8 /* JJImagePickerDemo */,
			);
		};
/* End PBXProject section */

/* Begin PBXResourcesBuildPhase section */
		E56B9CBD20AD2FA700021DF8 /* Resources */ = {
			isa = PBXResourcesBuildPhase;
			buildActionMask = 2147483647;
			files = (
				E5CFB56920E2169F0021EB68 /* wb_style_orange.png in Resources */,
				E56B9CCF20AD2FA800021DF8 /* LaunchScreen.storyboard in Resources */,
				E5CFB54F20D36DE20021EB68 /* uls_tb_all_return_p@3x.png in Resources */,
				44966A2220C2948600156BCA /* gallery_title_arrow_up@2x.png in Resources */,
				E545F54920C12F2700E74CA1 /* gallery_title_arrow@2x.png in Resources */,
				E5CFB54520D257D00021EB68 /* LivePhoto_Corner@3x.png in Resources */,
				E522786920C0E464003E2F38 /* redarrowRighticon.png in Resources */,
				E5CFB54420D257D00021EB68 /* chooseInterest_cheaked@3x.png in Resources */,
				E5CFB55620D37D580021EB68 /* QMUI_previewImage_checkbox@2x.png in Resources */,
				E5CFB54720D25A940021EB68 /* QMUI_pickerImage_video_mark@2x.png in Resources */,
				E5CFB55420D37D580021EB68 /* QMUI_previewImage_checkbox_checked@2x.png in Resources */,
				E56B9CCC20AD2FA800021DF8 /* Assets.xcassets in Resources */,
				E5CFB54320D257D00021EB68 /* chooseInterest_uncheaked@3x.png in Resources */,
				E5CFB55B20D3879B0021EB68 /* uls_tb_intro_return_p@3x.png in Resources */,
				E5CFB54220D257D00021EB68 /* pickerImage_video_mark@3x.png in Resources */,
				E5CFB55A20D3879B0021EB68 /* uls_tb_intro_return_n@3x.png in Resources */,
				E56B9CCA20AD2FA700021DF8 /* Main.storyboard in Resources */,
				44966A2120C2948600156BCA /* gallery_title_arrow_up@3x.png in Resources */,
				E545F54A20C12F2700E74CA1 /* gallery_title_arrow@3x.png in Resources */,
				E5CFB55520D37D580021EB68 /* QMUI_previewImage_checkbox@3x.png in Resources */,
				E5CFB55720D37D580021EB68 /* QMUI_previewImage_checkbox_checked@3x.png in Resources */,
			);
			runOnlyForDeploymentPostprocessing = 0;
		};
/* End PBXResourcesBuildPhase section */

/* Begin PBXSourcesBuildPhase section */
		E56B9CBB20AD2FA700021DF8 /* Sources */ = {
			isa = PBXSourcesBuildPhase;
			buildActionMask = 2147483647;
			files = (
				E522785B20BFDA44003E2F38 /* TabBarView.m in Sources */,
				E522786220BFE4FC003E2F38 /* CustomNaviBarView.m in Sources */,
				E5CFB55E20D394DE0021EB68 /* JJPhotoPreviewView.m in Sources */,
				E545F54620C0FB8200E74CA1 /* DropButton.m in Sources */,
				E522786620BFF625003E2F38 /* CustomPhotoViewController.m in Sources */,
				E5CFB56420D399D70021EB68 /* JJPreviewViewCollectionLayout.m in Sources */,
				4462607B20CD1B4A0004C579 /* PHPhotoLibrary+JJ.m in Sources */,
				E522785F20BFDBBE003E2F38 /* CustomNaviViewController.m in Sources */,
				E5CFB56720E1E7B50021EB68 /* JJImagePickerHelper.m in Sources */,
				E56B9CC720AD2FA700021DF8 /* ViewController.m in Sources */,
				E5CFB53320D0EB810021EB68 /* JJTableViewCell.m in Sources */,
				E545F54D20C13C1200E74CA1 /* CameraRollView.m in Sources */,
				E56B9CD220AD2FA800021DF8 /* main.m in Sources */,
				443D3C4920CCFDA900E0C255 /* JJPhotoAlbum.m in Sources */,
				4462607420CD00BA0004C579 /* JJPhoto.m in Sources */,
				E5CFB54A20D284BD0021EB68 /* UICollectionView+JJ.m in Sources */,
				E5CFB53720D112090021EB68 /* JJCollectionViewFlowLayout.m in Sources */,
				E522784E20BFCEBD003E2F38 /* JJImageViewPicker.m in Sources */,
				E522785420BFD918003E2F38 /* PhotosViewController.m in Sources */,
				E56B9CC420AD2FA700021DF8 /* AppDelegate.m in Sources */,
				4491541520CEC0D400DDE7A9 /* JJCollectionViewCell.m in Sources */,
				E5CFB57620E613690021EB68 /* JJVideoToolBar.m in Sources */,
				E522785120BFD8FF003E2F38 /* CameraRollViewController.m in Sources */,
				4462607120CD00B10004C579 /* JJImageManager.m in Sources */,
				E5CFB54D20D28DDF0021EB68 /* PhotoPreviewViewController.m in Sources */,
				E5CFB53D20D24F1D0021EB68 /* NSString+JJUI.m in Sources */,
				E522785820BFD9B3003E2F38 /* GridView.m in Sources */,
				E5CFB56120D395210021EB68 /* JJPreviewViewCollectionCell.m in Sources */,
			);
			runOnlyForDeploymentPostprocessing = 0;
		};
/* End PBXSourcesBuildPhase section */

/* Begin PBXVariantGroup section */
		E56B9CC820AD2FA700021DF8 /* Main.storyboard */ = {
			isa = PBXVariantGroup;
			children = (
				E56B9CC920AD2FA700021DF8 /* Base */,
			);
			name = Main.storyboard;
			sourceTree = "<group>";
		};
		E56B9CCD20AD2FA800021DF8 /* LaunchScreen.storyboard */ = {
			isa = PBXVariantGroup;
			children = (
				E56B9CCE20AD2FA800021DF8 /* Base */,
			);
			name = LaunchScreen.storyboard;
			sourceTree = "<group>";
		};
/* End PBXVariantGroup section */

/* Begin XCBuildConfiguration section */
		E56B9CD320AD2FA800021DF8 /* Debug */ = {
			isa = XCBuildConfiguration;
			buildSettings = {
				ALWAYS_SEARCH_USER_PATHS = NO;
				CLANG_ANALYZER_NONNULL = YES;
				CLANG_ANALYZER_NUMBER_OBJECT_CONVERSION = YES_AGGRESSIVE;
				CLANG_CXX_LANGUAGE_STANDARD = "gnu++14";
				CLANG_CXX_LIBRARY = "libc++";
				CLANG_ENABLE_MODULES = YES;
				CLANG_ENABLE_OBJC_ARC = YES;
				CLANG_ENABLE_OBJC_WEAK = YES;
				CLANG_WARN_BLOCK_CAPTURE_AUTORELEASING = YES;
				CLANG_WARN_BOOL_CONVERSION = YES;
				CLANG_WARN_COMMA = YES;
				CLANG_WARN_CONSTANT_CONVERSION = YES;
				CLANG_WARN_DEPRECATED_OBJC_IMPLEMENTATIONS = YES;
				CLANG_WARN_DIRECT_OBJC_ISA_USAGE = YES_ERROR;
				CLANG_WARN_DOCUMENTATION_COMMENTS = YES;
				CLANG_WARN_EMPTY_BODY = YES;
				CLANG_WARN_ENUM_CONVERSION = YES;
				CLANG_WARN_INFINITE_RECURSION = YES;
				CLANG_WARN_INT_CONVERSION = YES;
				CLANG_WARN_NON_LITERAL_NULL_CONVERSION = YES;
				CLANG_WARN_OBJC_IMPLICIT_RETAIN_SELF = YES;
				CLANG_WARN_OBJC_LITERAL_CONVERSION = YES;
				CLANG_WARN_OBJC_ROOT_CLASS = YES_ERROR;
				CLANG_WARN_RANGE_LOOP_ANALYSIS = YES;
				CLANG_WARN_STRICT_PROTOTYPES = YES;
				CLANG_WARN_SUSPICIOUS_MOVE = YES;
				CLANG_WARN_UNGUARDED_AVAILABILITY = YES_AGGRESSIVE;
				CLANG_WARN_UNREACHABLE_CODE = YES;
				CLANG_WARN__DUPLICATE_METHOD_MATCH = YES;
				CODE_SIGN_IDENTITY = "iPhone Developer";
				COPY_PHASE_STRIP = NO;
				DEBUG_INFORMATION_FORMAT = dwarf;
				ENABLE_STRICT_OBJC_MSGSEND = YES;
				ENABLE_TESTABILITY = YES;
				GCC_C_LANGUAGE_STANDARD = gnu11;
				GCC_DYNAMIC_NO_PIC = NO;
				GCC_NO_COMMON_BLOCKS = YES;
				GCC_OPTIMIZATION_LEVEL = 0;
				GCC_PREPROCESSOR_DEFINITIONS = (
					"DEBUG=1",
					"$(inherited)",
				);
				GCC_WARN_64_TO_32_BIT_CONVERSION = YES;
				GCC_WARN_ABOUT_RETURN_TYPE = YES_ERROR;
				GCC_WARN_UNDECLARED_SELECTOR = YES;
				GCC_WARN_UNINITIALIZED_AUTOS = YES_AGGRESSIVE;
				GCC_WARN_UNUSED_FUNCTION = YES;
				GCC_WARN_UNUSED_VARIABLE = YES;
				IPHONEOS_DEPLOYMENT_TARGET = 11.3;
				MTL_ENABLE_DEBUG_INFO = YES;
				ONLY_ACTIVE_ARCH = YES;
				SDKROOT = iphoneos;
			};
			name = Debug;
		};
		E56B9CD420AD2FA800021DF8 /* Release */ = {
			isa = XCBuildConfiguration;
			buildSettings = {
				ALWAYS_SEARCH_USER_PATHS = NO;
				CLANG_ANALYZER_NONNULL = YES;
				CLANG_ANALYZER_NUMBER_OBJECT_CONVERSION = YES_AGGRESSIVE;
				CLANG_CXX_LANGUAGE_STANDARD = "gnu++14";
				CLANG_CXX_LIBRARY = "libc++";
				CLANG_ENABLE_MODULES = YES;
				CLANG_ENABLE_OBJC_ARC = YES;
				CLANG_ENABLE_OBJC_WEAK = YES;
				CLANG_WARN_BLOCK_CAPTURE_AUTORELEASING = YES;
				CLANG_WARN_BOOL_CONVERSION = YES;
				CLANG_WARN_COMMA = YES;
				CLANG_WARN_CONSTANT_CONVERSION = YES;
				CLANG_WARN_DEPRECATED_OBJC_IMPLEMENTATIONS = YES;
				CLANG_WARN_DIRECT_OBJC_ISA_USAGE = YES_ERROR;
				CLANG_WARN_DOCUMENTATION_COMMENTS = YES;
				CLANG_WARN_EMPTY_BODY = YES;
				CLANG_WARN_ENUM_CONVERSION = YES;
				CLANG_WARN_INFINITE_RECURSION = YES;
				CLANG_WARN_INT_CONVERSION = YES;
				CLANG_WARN_NON_LITERAL_NULL_CONVERSION = YES;
				CLANG_WARN_OBJC_IMPLICIT_RETAIN_SELF = YES;
				CLANG_WARN_OBJC_LITERAL_CONVERSION = YES;
				CLANG_WARN_OBJC_ROOT_CLASS = YES_ERROR;
				CLANG_WARN_RANGE_LOOP_ANALYSIS = YES;
				CLANG_WARN_STRICT_PROTOTYPES = YES;
				CLANG_WARN_SUSPICIOUS_MOVE = YES;
				CLANG_WARN_UNGUARDED_AVAILABILITY = YES_AGGRESSIVE;
				CLANG_WARN_UNREACHABLE_CODE = YES;
				CLANG_WARN__DUPLICATE_METHOD_MATCH = YES;
				CODE_SIGN_IDENTITY = "iPhone Developer";
				COPY_PHASE_STRIP = NO;
				DEBUG_INFORMATION_FORMAT = "dwarf-with-dsym";
				ENABLE_NS_ASSERTIONS = NO;
				ENABLE_STRICT_OBJC_MSGSEND = YES;
				GCC_C_LANGUAGE_STANDARD = gnu11;
				GCC_NO_COMMON_BLOCKS = YES;
				GCC_WARN_64_TO_32_BIT_CONVERSION = YES;
				GCC_WARN_ABOUT_RETURN_TYPE = YES_ERROR;
				GCC_WARN_UNDECLARED_SELECTOR = YES;
				GCC_WARN_UNINITIALIZED_AUTOS = YES_AGGRESSIVE;
				GCC_WARN_UNUSED_FUNCTION = YES;
				GCC_WARN_UNUSED_VARIABLE = YES;
				IPHONEOS_DEPLOYMENT_TARGET = 11.3;
				MTL_ENABLE_DEBUG_INFO = NO;
				SDKROOT = iphoneos;
				VALIDATE_PRODUCT = YES;
			};
			name = Release;
		};
		E56B9CD620AD2FA800021DF8 /* Debug */ = {
			isa = XCBuildConfiguration;
			buildSettings = {
				ASSETCATALOG_COMPILER_APPICON_NAME = AppIcon;
				CODE_SIGN_STYLE = Manual;
				DEVELOPMENT_TEAM = WSSN499SLU;
				INFOPLIST_FILE = JJImagePickerDemo/Info.plist;
				LD_RUNPATH_SEARCH_PATHS = (
					"$(inherited)",
					"@executable_path/Frameworks",
				);
				PRODUCT_BUNDLE_IDENTIFIER = com.snailgames.JJImagePickerDemo;
				PRODUCT_NAME = "$(TARGET_NAME)";
				PROVISIONING_PROFILE = "92111631-3f21-4216-b1c3-d616949e35d8";
				PROVISIONING_PROFILE_SPECIFIER = UniversalSnailDev;
				TARGETED_DEVICE_FAMILY = "1,2";
			};
			name = Debug;
		};
		E56B9CD720AD2FA800021DF8 /* Release */ = {
			isa = XCBuildConfiguration;
			buildSettings = {
				ASSETCATALOG_COMPILER_APPICON_NAME = AppIcon;
				CODE_SIGN_STYLE = Manual;
				DEVELOPMENT_TEAM = WSSN499SLU;
				INFOPLIST_FILE = JJImagePickerDemo/Info.plist;
				LD_RUNPATH_SEARCH_PATHS = (
					"$(inherited)",
					"@executable_path/Frameworks",
				);
				PRODUCT_BUNDLE_IDENTIFIER = com.snailgames.JJImagePickerDemo;
				PRODUCT_NAME = "$(TARGET_NAME)";
				PROVISIONING_PROFILE = "92111631-3f21-4216-b1c3-d616949e35d8";
				PROVISIONING_PROFILE_SPECIFIER = UniversalSnailDev;
				TARGETED_DEVICE_FAMILY = "1,2";
			};
			name = Release;
		};
/* End XCBuildConfiguration section */

/* Begin XCConfigurationList section */
		E56B9CBA20AD2FA700021DF8 /* Build configuration list for PBXProject "JJImagePickerDemo" */ = {
			isa = XCConfigurationList;
			buildConfigurations = (
				E56B9CD320AD2FA800021DF8 /* Debug */,
				E56B9CD420AD2FA800021DF8 /* Release */,
			);
			defaultConfigurationIsVisible = 0;
			defaultConfigurationName = Release;
		};
		E56B9CD520AD2FA800021DF8 /* Build configuration list for PBXNativeTarget "JJImagePickerDemo" */ = {
			isa = XCConfigurationList;
			buildConfigurations = (
				E56B9CD620AD2FA800021DF8 /* Debug */,
				E56B9CD720AD2FA800021DF8 /* Release */,
			);
			defaultConfigurationIsVisible = 0;
			defaultConfigurationName = Release;
		};
/* End XCConfigurationList section */
	};
	rootObject = E56B9CB720AD2FA700021DF8 /* Project object */;
}
